// !$*UTF8*$!
{
	archiveVersion = 1;
	classes = {
	};
	objectVersion = 77;
	objects = {

/* Begin PBXCopyFilesBuildPhase section */
		38580CAB2CFB06E700F23142 /* CopyFiles */ = {
			isa = PBXCopyFilesBuildPhase;
			buildActionMask = 2147483647;
			dstPath = /usr/share/man/man1/;
			dstSubfolderSpec = 0;
			files = (
			);
			runOnlyForDeploymentPostprocessing = 1;
		};
		38580CB62CFB06EF00F23142 /* CopyFiles */ = {
			isa = PBXCopyFilesBuildPhase;
			buildActionMask = 2147483647;
			dstPath = /usr/share/man/man1/;
			dstSubfolderSpec = 0;
			files = (
			);
			runOnlyForDeploymentPostprocessing = 1;
		};
		38580CC12CFB06F500F23142 /* CopyFiles */ = {
			isa = PBXCopyFilesBuildPhase;
			buildActionMask = 2147483647;
			dstPath = /usr/share/man/man1/;
			dstSubfolderSpec = 0;
			files = (
			);
			runOnlyForDeploymentPostprocessing = 1;
		};
		38F5DBB72CEE07170053AF55 /* CopyFiles */ = {
			isa = PBXCopyFilesBuildPhase;
			buildActionMask = 2147483647;
			dstPath = /usr/share/man/man1/;
			dstSubfolderSpec = 0;
			files = (
			);
			runOnlyForDeploymentPostprocessing = 1;
		};
/* End PBXCopyFilesBuildPhase section */

/* Begin PBXFileReference section */
		38580CAD2CFB06E700F23142 /* deque */ = {isa = PBXFileReference; explicitFileType = "compiled.mach-o.executable"; includeInIndex = 0; path = deque; sourceTree = BUILT_PRODUCTS_DIR; };
		38580CB82CFB06EF00F23142 /* hashset */ = {isa = PBXFileReference; explicitFileType = "compiled.mach-o.executable"; includeInIndex = 0; path = hashset; sourceTree = BUILT_PRODUCTS_DIR; };
		38580CC32CFB06F500F23142 /* multiset */ = {isa = PBXFileReference; explicitFileType = "compiled.mach-o.executable"; includeInIndex = 0; path = multiset; sourceTree = BUILT_PRODUCTS_DIR; };
		38F5DBB92CEE07170053AF55 /* Exp5 */ = {isa = PBXFileReference; explicitFileType = "compiled.mach-o.executable"; includeInIndex = 0; path = Exp5; sourceTree = BUILT_PRODUCTS_DIR; };
/* End PBXFileReference section */

/* Begin PBXFileSystemSynchronizedBuildFileExceptionSet section */
		382EF1732CFED86100CE2315 /* Exceptions for "deque template for student" folder in "deque" target */ = {
			isa = PBXFileSystemSynchronizedBuildFileExceptionSet;
			membershipExceptions = (
				ex1.cpp,
				Student.cpp,
				Teacher.cpp,
			);
			target = 38580CAC2CFB06E700F23142 /* deque */;
		};
		382EF18D2CFEE1AA00CE2315 /* Exceptions for "hashset template for student" folder in "hashset" target */ = {
			isa = PBXFileSystemSynchronizedBuildFileExceptionSet;
			membershipExceptions = (
				ex1.cpp,
				Student.cpp,
				Teacher.cpp,
			);
			target = 38580CB72CFB06EF00F23142 /* hashset */;
		};
		38580CCA2CFB06FA00F23142 /* Exceptions for "multiset for student" folder in "Exp5" target */ = {
			isa = PBXFileSystemSynchronizedBuildFileExceptionSet;
			membershipExceptions = (
				multiset.cpp,
			);
			target = 38F5DBB82CEE07170053AF55 /* Exp5 */;
		};
		38580CCC2CFB06FD00F23142 /* Exceptions for "multiset for student" folder in "multiset" target */ = {
			isa = PBXFileSystemSynchronizedBuildFileExceptionSet;
			membershipExceptions = (
				multiset.cpp,
			);
			target = 38580CC22CFB06F500F23142 /* multiset */;
		};
		38580CCE2CFB0ADE00F23142 /* Exceptions for "deque template for student" folder in "Exp5" target */ = {
			isa = PBXFileSystemSynchronizedBuildFileExceptionSet;
			membershipExceptions = (
				ex1.cpp,
				Student.cpp,
				Teacher.cpp,
			);
			target = 38F5DBB82CEE07170053AF55 /* Exp5 */;
		};
		38580CCF2CFB0ADE00F23142 /* Exceptions for "hashset template for student" folder in "Exp5" target */ = {
			isa = PBXFileSystemSynchronizedBuildFileExceptionSet;
			membershipExceptions = (
				ex1.cpp,
				Student.cpp,
				Teacher.cpp,
			);
			target = 38F5DBB82CEE07170053AF55 /* Exp5 */;
		};
/* End PBXFileSystemSynchronizedBuildFileExceptionSet section */

/* Begin PBXFileSystemSynchronizedRootGroup section */
		38F5DBBB2CEE07170053AF55 /* Exp5 */ = {
			isa = PBXFileSystemSynchronizedRootGroup;
			path = Exp5;
			sourceTree = "<group>";
		};
		38F5DBDA2CEE07A80053AF55 /* deque template for student */ = {
			isa = PBXFileSystemSynchronizedRootGroup;
			exceptions = (
				38580CCE2CFB0ADE00F23142 /* Exceptions for "deque template for student" folder in "Exp5" target */,
				382EF1732CFED86100CE2315 /* Exceptions for "deque template for student" folder in "deque" target */,
			);
			path = "deque template for student";
			sourceTree = "<group>";
		};
		38F5DBE12CEE07A80053AF55 /* hashset template for student */ = {
			isa = PBXFileSystemSynchronizedRootGroup;
			exceptions = (
				38580CCF2CFB0ADE00F23142 /* Exceptions for "hashset template for student" folder in "Exp5" target */,
				382EF18D2CFEE1AA00CE2315 /* Exceptions for "hashset template for student" folder in "hashset" target */,
			);
			path = "hashset template for student";
			sourceTree = "<group>";
		};
		38F5DBE42CEE07A80053AF55 /* multiset for student */ = {
			isa = PBXFileSystemSynchronizedRootGroup;
			exceptions = (
				38580CCA2CFB06FA00F23142 /* Exceptions for "multiset for student" folder in "Exp5" target */,
				38580CCC2CFB06FD00F23142 /* Exceptions for "multiset for student" folder in "multiset" target */,
			);
			path = "multiset for student";
			sourceTree = "<group>";
		};
/* End PBXFileSystemSynchronizedRootGroup section */

/* Begin PBXFrameworksBuildPhase section */
		38580CAA2CFB06E700F23142 /* Frameworks */ = {
			isa = PBXFrameworksBuildPhase;
			buildActionMask = 2147483647;
			files = (
			);
			runOnlyForDeploymentPostprocessing = 0;
		};
		38580CB52CFB06EF00F23142 /* Frameworks */ = {
			isa = PBXFrameworksBuildPhase;
			buildActionMask = 2147483647;
			files = (
			);
			runOnlyForDeploymentPostprocessing = 0;
		};
		38580CC02CFB06F500F23142 /* Frameworks */ = {
			isa = PBXFrameworksBuildPhase;
			buildActionMask = 2147483647;
			files = (
			);
			runOnlyForDeploymentPostprocessing = 0;
		};
		38F5DBB62CEE07170053AF55 /* Frameworks */ = {
			isa = PBXFrameworksBuildPhase;
			buildActionMask = 2147483647;
			files = (
			);
			runOnlyForDeploymentPostprocessing = 0;
		};
/* End PBXFrameworksBuildPhase section */

/* Begin PBXGroup section */
		38F5DBB02CEE07170053AF55 = {
			isa = PBXGroup;
			children = (
				38F5DBDA2CEE07A80053AF55 /* deque template for student */,
				38F5DBE12CEE07A80053AF55 /* hashset template for student */,
				38F5DBE42CEE07A80053AF55 /* multiset for student */,
				38F5DBBB2CEE07170053AF55 /* Exp5 */,
				38F5DBBA2CEE07170053AF55 /* Products */,
			);
			sourceTree = "<group>";
		};
		38F5DBBA2CEE07170053AF55 /* Products */ = {
			isa = PBXGroup;
			children = (
				38F5DBB92CEE07170053AF55 /* Exp5 */,
				38580CAD2CFB06E700F23142 /* deque */,
				38580CB82CFB06EF00F23142 /* hashset */,
				38580CC32CFB06F500F23142 /* multiset */,
			);
			name = Products;
			sourceTree = "<group>";
		};
/* End PBXGroup section */

/* Begin PBXNativeTarget section */
		38580CAC2CFB06E700F23142 /* deque */ = {
			isa = PBXNativeTarget;
			buildConfigurationList = 38580CB32CFB06E700F23142 /* Build configuration list for PBXNativeTarget "deque" */;
			buildPhases = (
				38580CA92CFB06E700F23142 /* Sources */,
				38580CAA2CFB06E700F23142 /* Frameworks */,
				38580CAB2CFB06E700F23142 /* CopyFiles */,
			);
			buildRules = (
			);
			dependencies = (
			);
			name = deque;
			packageProductDependencies = (
			);
			productName = deque;
			productReference = 38580CAD2CFB06E700F23142 /* deque */;
			productType = "com.apple.product-type.tool";
		};
		38580CB72CFB06EF00F23142 /* hashset */ = {
			isa = PBXNativeTarget;
			buildConfigurationList = 38580CBC2CFB06EF00F23142 /* Build configuration list for PBXNativeTarget "hashset" */;
			buildPhases = (
				38580CB42CFB06EF00F23142 /* Sources */,
				38580CB52CFB06EF00F23142 /* Frameworks */,
				38580CB62CFB06EF00F23142 /* CopyFiles */,
			);
			buildRules = (
			);
			dependencies = (
			);
			name = hashset;
			packageProductDependencies = (
			);
			productName = hashset;
			productReference = 38580CB82CFB06EF00F23142 /* hashset */;
			productType = "com.apple.product-type.tool";
		};
		38580CC22CFB06F500F23142 /* multiset */ = {
			isa = PBXNativeTarget;
			buildConfigurationList = 38580CC72CFB06F500F23142 /* Build configuration list for PBXNativeTarget "multiset" */;
			buildPhases = (
				38580CBF2CFB06F500F23142 /* Sources */,
				38580CC02CFB06F500F23142 /* Frameworks */,
				38580CC12CFB06F500F23142 /* CopyFiles */,
			);
			buildRules = (
			);
			dependencies = (
			);
			name = multiset;
			packageProductDependencies = (
			);
			productName = multiset;
			productReference = 38580CC32CFB06F500F23142 /* multiset */;
			productType = "com.apple.product-type.tool";
		};
		38F5DBB82CEE07170053AF55 /* Exp5 */ = {
			isa = PBXNativeTarget;
			buildConfigurationList = 38F5DBC02CEE07170053AF55 /* Build configuration list for PBXNativeTarget "Exp5" */;
			buildPhases = (
				38F5DBB52CEE07170053AF55 /* Sources */,
				38F5DBB62CEE07170053AF55 /* Frameworks */,
				38F5DBB72CEE07170053AF55 /* CopyFiles */,
			);
			buildRules = (
			);
			dependencies = (
			);
			fileSystemSynchronizedGroups = (
				38F5DBBB2CEE07170053AF55 /* Exp5 */,
				38F5DBDA2CEE07A80053AF55 /* deque template for student */,
				38F5DBE12CEE07A80053AF55 /* hashset template for student */,
				38F5DBE42CEE07A80053AF55 /* multiset for student */,
			);
			name = Exp5;
			packageProductDependencies = (
			);
			productName = Exp5;
			productReference = 38F5DBB92CEE07170053AF55 /* Exp5 */;
			productType = "com.apple.product-type.tool";
		};
/* End PBXNativeTarget section */

/* Begin PBXProject section */
		38F5DBB12CEE07170053AF55 /* Project object */ = {
			isa = PBXProject;
			attributes = {
				BuildIndependentTargetsInParallel = 1;
				LastUpgradeCheck = 1610;
				TargetAttributes = {
					38580CAC2CFB06E700F23142 = {
						CreatedOnToolsVersion = 16.1;
					};
					38580CB72CFB06EF00F23142 = {
						CreatedOnToolsVersion = 16.1;
					};
					38580CC22CFB06F500F23142 = {
						CreatedOnToolsVersion = 16.1;
					};
					38F5DBB82CEE07170053AF55 = {
						CreatedOnToolsVersion = 16.1;
					};
				};
			};
			buildConfigurationList = 38F5DBB42CEE07170053AF55 /* Build configuration list for PBXProject "Exp5" */;
			developmentRegion = en;
			hasScannedForEncodings = 0;
			knownRegions = (
				en,
				Base,
			);
			mainGroup = 38F5DBB02CEE07170053AF55;
			minimizedProjectReferenceProxies = 1;
			preferredProjectObjectVersion = 77;
			productRefGroup = 38F5DBBA2CEE07170053AF55 /* Products */;
			projectDirPath = "";
			projectRoot = "";
			targets = (
				38F5DBB82CEE07170053AF55 /* Exp5 */,
				38580CAC2CFB06E700F23142 /* deque */,
				38580CB72CFB06EF00F23142 /* hashset */,
				38580CC22CFB06F500F23142 /* multiset */,
			);
		};
/* End PBXProject section */

/* Begin PBXSourcesBuildPhase section */
		38580CA92CFB06E700F23142 /* Sources */ = {
			isa = PBXSourcesBuildPhase;
			buildActionMask = 2147483647;
			files = (
			);
			runOnlyForDeploymentPostprocessing = 0;
		};
		38580CB42CFB06EF00F23142 /* Sources */ = {
			isa = PBXSourcesBuildPhase;
			buildActionMask = 2147483647;
			files = (
			);
			runOnlyForDeploymentPostprocessing = 0;
		};
		38580CBF2CFB06F500F23142 /* Sources */ = {
			isa = PBXSourcesBuildPhase;
			buildActionMask = 2147483647;
			files = (
			);
			runOnlyForDeploymentPostprocessing = 0;
		};
		38F5DBB52CEE07170053AF55 /* Sources */ = {
			isa = PBXSourcesBuildPhase;
			buildActionMask = 2147483647;
			files = (
			);
			runOnlyForDeploymentPostprocessing = 0;
		};
/* End PBXSourcesBuildPhase section */

/* Begin XCBuildConfiguration section */
		38580CB12CFB06E700F23142 /* Debug */ = {
			isa = XCBuildConfiguration;
			buildSettings = {
				CODE_SIGN_STYLE = Automatic;
				PRODUCT_NAME = "$(TARGET_NAME)";
			};
			name = Debug;
		};
		38580CB22CFB06E700F23142 /* Release */ = {
			isa = XCBuildConfiguration;
			buildSettings = {
				CODE_SIGN_STYLE = Automatic;
				PRODUCT_NAME = "$(TARGET_NAME)";
			};
			name = Release;
		};
		38580CBD2CFB06EF00F23142 /* Debug */ = {
			isa = XCBuildConfiguration;
			buildSettings = {
				CODE_SIGN_STYLE = Automatic;
				PRODUCT_NAME = "$(TARGET_NAME)";
				SYMROOT = build;
			};
			name = Debug;
		};
		38580CBE2CFB06EF00F23142 /* Release */ = {
			isa = XCBuildConfiguration;
			buildSettings = {
				CODE_SIGN_STYLE = Automatic;
				PRODUCT_NAME = "$(TARGET_NAME)";
				SYMROOT = build;
			};
			name = Release;
		};
		38580CC82CFB06F500F23142 /* Debug */ = {
			isa = XCBuildConfiguration;
			buildSettings = {
				CODE_SIGN_STYLE = Automatic;
				PRODUCT_NAME = "$(TARGET_NAME)";
			};
			name = Debug;
		};
		38580CC92CFB06F500F23142 /* Release */ = {
			isa = XCBuildConfiguration;
			buildSettings = {
				CODE_SIGN_STYLE = Automatic;
				PRODUCT_NAME = "$(TARGET_NAME)";
			};
			name = Release;
		};
		38F5DBBE2CEE07170053AF55 /* Debug */ = {
			isa = XCBuildConfiguration;
			buildSettings = {
				ALWAYS_SEARCH_USER_PATHS = NO;
				ASSETCATALOG_COMPILER_GENERATE_SWIFT_ASSET_SYMBOL_EXTENSIONS = YES;
				CLANG_ANALYZER_NONNULL = YES;
				CLANG_ANALYZER_NUMBER_OBJECT_CONVERSION = YES_AGGRESSIVE;
				CLANG_CXX_LANGUAGE_STANDARD = "c++20";
				CLANG_ENABLE_MODULES = YES;
				CLANG_ENABLE_OBJC_ARC = YES;
				CLANG_ENABLE_OBJC_WEAK = YES;
				CLANG_WARN_BLOCK_CAPTURE_AUTORELEASING = YES;
				CLANG_WARN_BOOL_CONVERSION = YES;
				CLANG_WARN_COMMA = YES;
				CLANG_WARN_CONSTANT_CONVERSION = YES;
				CLANG_WARN_DEPRECATED_OBJC_IMPLEMENTATIONS = YES;
				CLANG_WARN_DIRECT_OBJC_ISA_USAGE = YES_ERROR;
				CLANG_WARN_DOCUMENTATION_COMMENTS = YES;
				CLANG_WARN_EMPTY_BODY = YES;
				CLANG_WARN_ENUM_CONVERSION = YES;
				CLANG_WARN_INFINITE_RECURSION = YES;
				CLANG_WARN_INT_CONVERSION = YES;
				CLANG_WARN_NON_LITERAL_NULL_CONVERSION = YES;
				CLANG_WARN_OBJC_IMPLICIT_RETAIN_SELF = YES;
				CLANG_WARN_OBJC_LITERAL_CONVERSION = YES;
				CLANG_WARN_OBJC_ROOT_CLASS = YES_ERROR;
				CLANG_WARN_QUOTED_INCLUDE_IN_FRAMEWORK_HEADER = YES;
				CLANG_WARN_RANGE_LOOP_ANALYSIS = YES;
				CLANG_WARN_STRICT_PROTOTYPES = YES;
				CLANG_WARN_SUSPICIOUS_MOVE = YES;
				CLANG_WARN_UNGUARDED_AVAILABILITY = YES_AGGRESSIVE;
				CLANG_WARN_UNREACHABLE_CODE = YES;
				CLANG_WARN__DUPLICATE_METHOD_MATCH = YES;
				COPY_PHASE_STRIP = NO;
				DEBUG_INFORMATION_FORMAT = dwarf;
				ENABLE_STRICT_OBJC_MSGSEND = YES;
				ENABLE_TESTABILITY = YES;
				ENABLE_USER_SCRIPT_SANDBOXING = YES;
				GCC_C_LANGUAGE_STANDARD = gnu17;
				GCC_DYNAMIC_NO_PIC = NO;
				GCC_NO_COMMON_BLOCKS = YES;
				GCC_OPTIMIZATION_LEVEL = 0;
				GCC_PREPROCESSOR_DEFINITIONS = (
					"DEBUG=1",
					"$(inherited)",
				);
				GCC_WARN_64_TO_32_BIT_CONVERSION = YES;
				GCC_WARN_ABOUT_RETURN_TYPE = YES_ERROR;
				GCC_WARN_UNDECLARED_SELECTOR = YES;
				GCC_WARN_UNINITIALIZED_AUTOS = YES_AGGRESSIVE;
				GCC_WARN_UNUSED_FUNCTION = YES;
				GCC_WARN_UNUSED_VARIABLE = YES;
				LOCALIZATION_PREFERS_STRING_CATALOGS = YES;
				MACOSX_DEPLOYMENT_TARGET = 15.1;
				MTL_ENABLE_DEBUG_INFO = INCLUDE_SOURCE;
				MTL_FAST_MATH = YES;
				ONLY_ACTIVE_ARCH = YES;
				SDKROOT = macosx;
				SYMROOT = build;
			};
			name = Debug;
		};
		38F5DBBF2CEE07170053AF55 /* Release */ = {
			isa = XCBuildConfiguration;
			buildSettings = {
				ALWAYS_SEARCH_USER_PATHS = NO;
				ASSETCATALOG_COMPILER_GENERATE_SWIFT_ASSET_SYMBOL_EXTENSIONS = YES;
				CLANG_ANALYZER_NONNULL = YES;
				CLANG_ANALYZER_NUMBER_OBJECT_CONVERSION = YES_AGGRESSIVE;
				CLANG_CXX_LANGUAGE_STANDARD = "c++20";
				CLANG_ENABLE_MODULES = YES;
				CLANG_ENABLE_OBJC_ARC = YES;
				CLANG_ENABLE_OBJC_WEAK = YES;
				CLANG_WARN_BLOCK_CAPTURE_AUTORELEASING = YES;
				CLANG_WARN_BOOL_CONVERSION = YES;
				CLANG_WARN_COMMA = YES;
				CLANG_WARN_CONSTANT_CONVERSION = YES;
				CLANG_WARN_DEPRECATED_OBJC_IMPLEMENTATIONS = YES;
				CLANG_WARN_DIRECT_OBJC_ISA_USAGE = YES_ERROR;
				CLANG_WARN_DOCUMENTATION_COMMENTS = YES;
				CLANG_WARN_EMPTY_BODY = YES;
				CLANG_WARN_ENUM_CONVERSION = YES;
				CLANG_WARN_INFINITE_RECURSION = YES;
				CLANG_WARN_INT_CONVERSION = YES;
				CLANG_WARN_NON_LITERAL_NULL_CONVERSION = YES;
				CLANG_WARN_OBJC_IMPLICIT_RETAIN_SELF = YES;
				CLANG_WARN_OBJC_LITERAL_CONVERSION = YES;
				CLANG_WARN_OBJC_ROOT_CLASS = YES_ERROR;
				CLANG_WARN_QUOTED_INCLUDE_IN_FRAMEWORK_HEADER = YES;
				CLANG_WARN_RANGE_LOOP_ANALYSIS = YES;
				CLANG_WARN_STRICT_PROTOTYPES = YES;
				CLANG_WARN_SUSPICIOUS_MOVE = YES;
				CLANG_WARN_UNGUARDED_AVAILABILITY = YES_AGGRESSIVE;
				CLANG_WARN_UNREACHABLE_CODE = YES;
				CLANG_WARN__DUPLICATE_METHOD_MATCH = YES;
				COPY_PHASE_STRIP = NO;
				DEBUG_INFORMATION_FORMAT = "dwarf-with-dsym";
				ENABLE_NS_ASSERTIONS = NO;
				ENABLE_STRICT_OBJC_MSGSEND = YES;
				ENABLE_USER_SCRIPT_SANDBOXING = YES;
				GCC_C_LANGUAGE_STANDARD = gnu17;
				GCC_NO_COMMON_BLOCKS = YES;
				GCC_WARN_64_TO_32_BIT_CONVERSION = YES;
				GCC_WARN_ABOUT_RETURN_TYPE = YES_ERROR;
				GCC_WARN_UNDECLARED_SELECTOR = YES;
				GCC_WARN_UNINITIALIZED_AUTOS = YES_AGGRESSIVE;
				GCC_WARN_UNUSED_FUNCTION = YES;
				GCC_WARN_UNUSED_VARIABLE = YES;
				LOCALIZATION_PREFERS_STRING_CATALOGS = YES;
				MACOSX_DEPLOYMENT_TARGET = 15.1;
				MTL_ENABLE_DEBUG_INFO = NO;
				MTL_FAST_MATH = YES;
				SDKROOT = macosx;
				SYMROOT = build;
			};
			name = Release;
		};
		38F5DBC12CEE07170053AF55 /* Debug */ = {
			isa = XCBuildConfiguration;
			buildSettings = {
				CODE_SIGN_STYLE = Automatic;
				PRODUCT_NAME = "$(TARGET_NAME)";
				SYMROOT = build;
			};
			name = Debug;
		};
		38F5DBC22CEE07170053AF55 /* Release */ = {
			isa = XCBuildConfiguration;
			buildSettings = {
				CODE_SIGN_STYLE = Automatic;
				PRODUCT_NAME = "$(TARGET_NAME)";
				SYMROOT = build;
			};
			name = Release;
		};
/* End XCBuildConfiguration section */

/* Begin XCConfigurationList section */
		38580CB32CFB06E700F23142 /* Build configuration list for PBXNativeTarget "deque" */ = {
			isa = XCConfigurationList;
			buildConfigurations = (
				38580CB12CFB06E700F23142 /* Debug */,
				38580CB22CFB06E700F23142 /* Release */,
			);
			defaultConfigurationIsVisible = 0;
			defaultConfigurationName = Release;
		};
		38580CBC2CFB06EF00F23142 /* Build configuration list for PBXNativeTarget "hashset" */ = {
			isa = XCConfigurationList;
			buildConfigurations = (
				38580CBD2CFB06EF00F23142 /* Debug */,
				38580CBE2CFB06EF00F23142 /* Release */,
			);
			defaultConfigurationIsVisible = 0;
			defaultConfigurationName = Release;
		};
		38580CC72CFB06F500F23142 /* Build configuration list for PBXNativeTarget "multiset" */ = {
			isa = XCConfigurationList;
			buildConfigurations = (
				38580CC82CFB06F500F23142 /* Debug */,
				38580CC92CFB06F500F23142 /* Release */,
			);
			defaultConfigurationIsVisible = 0;
			defaultConfigurationName = Release;
		};
		38F5DBB42CEE07170053AF55 /* Build configuration list for PBXProject "Exp5" */ = {
			isa = XCConfigurationList;
			buildConfigurations = (
				38F5DBBE2CEE07170053AF55 /* Debug */,
				38F5DBBF2CEE07170053AF55 /* Release */,
			);
			defaultConfigurationIsVisible = 0;
			defaultConfigurationName = Release;
		};
		38F5DBC02CEE07170053AF55 /* Build configuration list for PBXNativeTarget "Exp5" */ = {
			isa = XCConfigurationList;
			buildConfigurations = (
				38F5DBC12CEE07170053AF55 /* Debug */,
				38F5DBC22CEE07170053AF55 /* Release */,
			);
			defaultConfigurationIsVisible = 0;
			defaultConfigurationName = Release;
		};
/* End XCConfigurationList section */
	};
	rootObject = 38F5DBB12CEE07170053AF55 /* Project object */;
}
