// !$*UTF8*$!
{
	archiveVersion = 1;
	classes = {
	};
	objectVersion = 77;
	objects = {

/* Begin PBXBuildFile section */
		382509342CDB995B00A4A34E /* main.cpp in Sources */ = {isa = PBXBuildFile; fileRef = 382509302CDB995B00A4A34E /* main.cpp */; };
		382509352CDB995B00A4A34E /* MyString.cpp in Sources */ = {isa = PBXBuildFile; fileRef = 382509322CDB995B00A4A34E /* MyString.cpp */; };
/* End PBXBuildFile section */

/* Begin PBXCopyFilesBuildPhase section */
		381280FF2CDBB92E006E8051 /* CopyFiles */ = {
			isa = PBXCopyFilesBuildPhase;
			buildActionMask = 2147483647;
			dstPath = /usr/share/man/man1/;
			dstSubfolderSpec = 0;
			files = (
			);
			runOnlyForDeploymentPostprocessing = 1;
		};
		3812810A2CDBBC09006E8051 /* CopyFiles */ = {
			isa = PBXCopyFilesBuildPhase;
			buildActionMask = 2147483647;
			dstPath = /usr/share/man/man1/;
			dstSubfolderSpec = 0;
			files = (
			);
			runOnlyForDeploymentPostprocessing = 1;
		};
		38C908252CB50FED002F6322 /* CopyFiles */ = {
			isa = PBXCopyFilesBuildPhase;
			buildActionMask = 2147483647;
			dstPath = /usr/share/man/man1/;
			dstSubfolderSpec = 0;
			files = (
			);
			runOnlyForDeploymentPostprocessing = 1;
		};
/* End PBXCopyFilesBuildPhase section */

/* Begin PBXFileReference section */
		381281012CDBB92E006E8051 /* T2 */ = {isa = PBXFileReference; explicitFileType = "compiled.mach-o.executable"; includeInIndex = 0; path = T2; sourceTree = BUILT_PRODUCTS_DIR; };
		3812810C2CDBBC09006E8051 /* T3 */ = {isa = PBXFileReference; explicitFileType = "compiled.mach-o.executable"; includeInIndex = 0; path = T3; sourceTree = BUILT_PRODUCTS_DIR; };
		382509302CDB995B00A4A34E /* main.cpp */ = {isa = PBXFileReference; lastKnownFileType = sourcecode.cpp.cpp; path = main.cpp; sourceTree = "<group>"; };
		382509312CDB995B00A4A34E /* MyString.h */ = {isa = PBXFileReference; lastKnownFileType = sourcecode.c.h; path = MyString.h; sourceTree = "<group>"; };
		382509322CDB995B00A4A34E /* MyString.cpp */ = {isa = PBXFileReference; lastKnownFileType = sourcecode.cpp.cpp; path = MyString.cpp; sourceTree = "<group>"; };
		382509332CDB995B00A4A34E /* names.txt */ = {isa = PBXFileReference; lastKnownFileType = text; path = names.txt; sourceTree = "<group>"; };
		38C908272CB50FED002F6322 /* T1 */ = {isa = PBXFileReference; explicitFileType = "compiled.mach-o.executable"; includeInIndex = 0; path = T1; sourceTree = BUILT_PRODUCTS_DIR; };
/* End PBXFileReference section */

/* Begin PBXFileSystemSynchronizedRootGroup section */
		381281022CDBB92E006E8051 /* T2 */ = {
			isa = PBXFileSystemSynchronizedRootGroup;
			path = T2;
			sourceTree = "<group>";
		};
		3812810D2CDBBC09006E8051 /* T3 */ = {
			isa = PBXFileSystemSynchronizedRootGroup;
			path = T3;
			sourceTree = "<group>";
		};
/* End PBXFileSystemSynchronizedRootGroup section */

/* Begin PBXFrameworksBuildPhase section */
		381280FE2CDBB92E006E8051 /* Frameworks */ = {
			isa = PBXFrameworksBuildPhase;
			buildActionMask = 2147483647;
			files = (
			);
			runOnlyForDeploymentPostprocessing = 0;
		};
		381281092CDBBC09006E8051 /* Frameworks */ = {
			isa = PBXFrameworksBuildPhase;
			buildActionMask = 2147483647;
			files = (
			);
			runOnlyForDeploymentPostprocessing = 0;
		};
		38C908242CB50FED002F6322 /* Frameworks */ = {
			isa = PBXFrameworksBuildPhase;
			buildActionMask = 2147483647;
			files = (
			);
			runOnlyForDeploymentPostprocessing = 0;
		};
/* End PBXFrameworksBuildPhase section */

/* Begin PBXGroup section */
		381280FC2CDBB919006E8051 /* T1 */ = {
			isa = PBXGroup;
			children = (
				382509312CDB995B00A4A34E /* MyString.h */,
				382509322CDB995B00A4A34E /* MyString.cpp */,
				382509332CDB995B00A4A34E /* names.txt */,
				382509302CDB995B00A4A34E /* main.cpp */,
			);
			path = T1;
			sourceTree = "<group>";
		};
		38C9081E2CB50FED002F6322 = {
			isa = PBXGroup;
			children = (
				381280FC2CDBB919006E8051 /* T1 */,
				381281022CDBB92E006E8051 /* T2 */,
				3812810D2CDBBC09006E8051 /* T3 */,
				38C908282CB50FED002F6322 /* Products */,
			);
			sourceTree = "<group>";
		};
		38C908282CB50FED002F6322 /* Products */ = {
			isa = PBXGroup;
			children = (
				38C908272CB50FED002F6322 /* T1 */,
				381281012CDBB92E006E8051 /* T2 */,
				3812810C2CDBBC09006E8051 /* T3 */,
			);
			name = Products;
			sourceTree = "<group>";
		};
/* End PBXGroup section */

/* Begin PBXNativeTarget section */
		381281002CDBB92E006E8051 /* T2 */ = {
			isa = PBXNativeTarget;
			buildConfigurationList = 381281052CDBB92E006E8051 /* Build configuration list for PBXNativeTarget "T2" */;
			buildPhases = (
				381280FD2CDBB92E006E8051 /* Sources */,
				381280FE2CDBB92E006E8051 /* Frameworks */,
				381280FF2CDBB92E006E8051 /* CopyFiles */,
			);
			buildRules = (
			);
			dependencies = (
			);
			fileSystemSynchronizedGroups = (
				381281022CDBB92E006E8051 /* T2 */,
			);
			name = T2;
			packageProductDependencies = (
			);
			productName = T2;
			productReference = 381281012CDBB92E006E8051 /* T2 */;
			productType = "com.apple.product-type.tool";
		};
		3812810B2CDBBC09006E8051 /* T3 */ = {
			isa = PBXNativeTarget;
			buildConfigurationList = 381281102CDBBC09006E8051 /* Build configuration list for PBXNativeTarget "T3" */;
			buildPhases = (
				381281082CDBBC09006E8051 /* Sources */,
				381281092CDBBC09006E8051 /* Frameworks */,
				3812810A2CDBBC09006E8051 /* CopyFiles */,
			);
			buildRules = (
			);
			dependencies = (
			);
			fileSystemSynchronizedGroups = (
				3812810D2CDBBC09006E8051 /* T3 */,
			);
			name = T3;
			packageProductDependencies = (
			);
			productName = T3;
			productReference = 3812810C2CDBBC09006E8051 /* T3 */;
			productType = "com.apple.product-type.tool";
		};
		38C908262CB50FED002F6322 /* T1 */ = {
			isa = PBXNativeTarget;
			buildConfigurationList = 38C9082E2CB50FED002F6322 /* Build configuration list for PBXNativeTarget "T1" */;
			buildPhases = (
				38C908232CB50FED002F6322 /* Sources */,
				38C908242CB50FED002F6322 /* Frameworks */,
				38C908252CB50FED002F6322 /* CopyFiles */,
			);
			buildRules = (
			);
			dependencies = (
			);
			name = T1;
			packageProductDependencies = (
			);
			productName = test;
			productReference = 38C908272CB50FED002F6322 /* T1 */;
			productType = "com.apple.product-type.tool";
		};
/* End PBXNativeTarget section */

/* Begin PBXProject section */
		38C9081F2CB50FED002F6322 /* Project object */ = {
			isa = PBXProject;
			attributes = {
				BuildIndependentTargetsInParallel = 1;
				LastUpgradeCheck = 1610;
				TargetAttributes = {
					381281002CDBB92E006E8051 = {
						CreatedOnToolsVersion = 16.1;
					};
					3812810B2CDBBC09006E8051 = {
						CreatedOnToolsVersion = 16.1;
					};
					38C908262CB50FED002F6322 = {
						CreatedOnToolsVersion = 16.0;
					};
				};
			};
			buildConfigurationList = 38C908222CB50FED002F6322 /* Build configuration list for PBXProject "test" */;
			developmentRegion = en;
			hasScannedForEncodings = 0;
			knownRegions = (
				en,
				Base,
			);
			mainGroup = 38C9081E2CB50FED002F6322;
			minimizedProjectReferenceProxies = 1;
			preferredProjectObjectVersion = 77;
			productRefGroup = 38C908282CB50FED002F6322 /* Products */;
			projectDirPath = "";
			projectRoot = "";
			targets = (
				38C908262CB50FED002F6322 /* T1 */,
				381281002CDBB92E006E8051 /* T2 */,
				3812810B2CDBBC09006E8051 /* T3 */,
			);
		};
/* End PBXProject section */

/* Begin PBXSourcesBuildPhase section */
		381280FD2CDBB92E006E8051 /* Sources */ = {
			isa = PBXSourcesBuildPhase;
			buildActionMask = 2147483647;
			files = (
			);
			runOnlyForDeploymentPostprocessing = 0;
		};
		381281082CDBBC09006E8051 /* Sources */ = {
			isa = PBXSourcesBuildPhase;
			buildActionMask = 2147483647;
			files = (
			);
			runOnlyForDeploymentPostprocessing = 0;
		};
		38C908232CB50FED002F6322 /* Sources */ = {
			isa = PBXSourcesBuildPhase;
			buildActionMask = 2147483647;
			files = (
				382509342CDB995B00A4A34E /* main.cpp in Sources */,
				382509352CDB995B00A4A34E /* MyString.cpp in Sources */,
			);
			runOnlyForDeploymentPostprocessing = 0;
		};
/* End PBXSourcesBuildPhase section */

/* Begin XCBuildConfiguration section */
		381281062CDBB92E006E8051 /* Debug */ = {
			isa = XCBuildConfiguration;
			buildSettings = {
				CODE_SIGN_STYLE = Automatic;
				MACOSX_DEPLOYMENT_TARGET = 15.1;
				PRODUCT_NAME = "$(TARGET_NAME)";
			};
			name = Debug;
		};
		381281072CDBB92E006E8051 /* Release */ = {
			isa = XCBuildConfiguration;
			buildSettings = {
				CODE_SIGN_STYLE = Automatic;
				MACOSX_DEPLOYMENT_TARGET = 15.1;
				PRODUCT_NAME = "$(TARGET_NAME)";
			};
			name = Release;
		};
		381281112CDBBC09006E8051 /* Debug */ = {
			isa = XCBuildConfiguration;
			buildSettings = {
				CODE_SIGN_STYLE = Automatic;
				MACOSX_DEPLOYMENT_TARGET = 15.1;
				PRODUCT_NAME = "$(TARGET_NAME)";
			};
			name = Debug;
		};
		381281122CDBBC09006E8051 /* Release */ = {
			isa = XCBuildConfiguration;
			buildSettings = {
				CODE_SIGN_STYLE = Automatic;
				MACOSX_DEPLOYMENT_TARGET = 15.1;
				PRODUCT_NAME = "$(TARGET_NAME)";
			};
			name = Release;
		};
		38C9082C2CB50FED002F6322 /* Debug */ = {
			isa = XCBuildConfiguration;
			buildSettings = {
				ALWAYS_SEARCH_USER_PATHS = NO;
				ASSETCATALOG_COMPILER_GENERATE_SWIFT_ASSET_SYMBOL_EXTENSIONS = YES;
				CLANG_ANALYZER_NONNULL = YES;
				CLANG_ANALYZER_NUMBER_OBJECT_CONVERSION = YES_AGGRESSIVE;
				CLANG_CXX_LANGUAGE_STANDARD = "gnu++20";
				CLANG_ENABLE_MODULES = YES;
				CLANG_ENABLE_OBJC_ARC = YES;
				CLANG_ENABLE_OBJC_WEAK = YES;
				CLANG_WARN_BLOCK_CAPTURE_AUTORELEASING = YES;
				CLANG_WARN_BOOL_CONVERSION = YES;
				CLANG_WARN_COMMA = YES;
				CLANG_WARN_CONSTANT_CONVERSION = YES;
				CLANG_WARN_DEPRECATED_OBJC_IMPLEMENTATIONS = YES;
				CLANG_WARN_DIRECT_OBJC_ISA_USAGE = YES_ERROR;
				CLANG_WARN_DOCUMENTATION_COMMENTS = YES;
				CLANG_WARN_EMPTY_BODY = YES;
				CLANG_WARN_ENUM_CONVERSION = YES;
				CLANG_WARN_INFINITE_RECURSION = YES;
				CLANG_WARN_INT_CONVERSION = YES;
				CLANG_WARN_NON_LITERAL_NULL_CONVERSION = YES;
				CLANG_WARN_OBJC_IMPLICIT_RETAIN_SELF = YES;
				CLANG_WARN_OBJC_LITERAL_CONVERSION = YES;
				CLANG_WARN_OBJC_ROOT_CLASS = YES_ERROR;
				CLANG_WARN_QUOTED_INCLUDE_IN_FRAMEWORK_HEADER = YES;
				CLANG_WARN_RANGE_LOOP_ANALYSIS = YES;
				CLANG_WARN_STRICT_PROTOTYPES = YES;
				CLANG_WARN_SUSPICIOUS_MOVE = YES;
				CLANG_WARN_UNGUARDED_AVAILABILITY = YES_AGGRESSIVE;
				CLANG_WARN_UNREACHABLE_CODE = YES;
				CLANG_WARN__DUPLICATE_METHOD_MATCH = YES;
				COPY_PHASE_STRIP = NO;
				DEAD_CODE_STRIPPING = YES;
				DEBUG_INFORMATION_FORMAT = dwarf;
				ENABLE_STRICT_OBJC_MSGSEND = YES;
				ENABLE_TESTABILITY = YES;
				ENABLE_USER_SCRIPT_SANDBOXING = YES;
				GCC_C_LANGUAGE_STANDARD = gnu17;
				GCC_DYNAMIC_NO_PIC = NO;
				GCC_NO_COMMON_BLOCKS = YES;
				GCC_OPTIMIZATION_LEVEL = 0;
				GCC_PREPROCESSOR_DEFINITIONS = (
					"DEBUG=1",
					"$(inherited)",
				);
				GCC_WARN_64_TO_32_BIT_CONVERSION = YES;
				GCC_WARN_ABOUT_RETURN_TYPE = YES_ERROR;
				GCC_WARN_UNDECLARED_SELECTOR = YES;
				GCC_WARN_UNINITIALIZED_AUTOS = YES_AGGRESSIVE;
				GCC_WARN_UNUSED_FUNCTION = YES;
				GCC_WARN_UNUSED_VARIABLE = YES;
				LOCALIZATION_PREFERS_STRING_CATALOGS = YES;
				MACOSX_DEPLOYMENT_TARGET = 14.6;
				MTL_ENABLE_DEBUG_INFO = INCLUDE_SOURCE;
				MTL_FAST_MATH = YES;
				ONLY_ACTIVE_ARCH = YES;
				SDKROOT = macosx;
			};
			name = Debug;
		};
		38C9082D2CB50FED002F6322 /* Release */ = {
			isa = XCBuildConfiguration;
			buildSettings = {
				ALWAYS_SEARCH_USER_PATHS = NO;
				ASSETCATALOG_COMPILER_GENERATE_SWIFT_ASSET_SYMBOL_EXTENSIONS = YES;
				CLANG_ANALYZER_NONNULL = YES;
				CLANG_ANALYZER_NUMBER_OBJECT_CONVERSION = YES_AGGRESSIVE;
				CLANG_CXX_LANGUAGE_STANDARD = "gnu++20";
				CLANG_ENABLE_MODULES = YES;
				CLANG_ENABLE_OBJC_ARC = YES;
				CLANG_ENABLE_OBJC_WEAK = YES;
				CLANG_WARN_BLOCK_CAPTURE_AUTORELEASING = YES;
				CLANG_WARN_BOOL_CONVERSION = YES;
				CLANG_WARN_COMMA = YES;
				CLANG_WARN_CONSTANT_CONVERSION = YES;
				CLANG_WARN_DEPRECATED_OBJC_IMPLEMENTATIONS = YES;
				CLANG_WARN_DIRECT_OBJC_ISA_USAGE = YES_ERROR;
				CLANG_WARN_DOCUMENTATION_COMMENTS = YES;
				CLANG_WARN_EMPTY_BODY = YES;
				CLANG_WARN_ENUM_CONVERSION = YES;
				CLANG_WARN_INFINITE_RECURSION = YES;
				CLANG_WARN_INT_CONVERSION = YES;
				CLANG_WARN_NON_LITERAL_NULL_CONVERSION = YES;
				CLANG_WARN_OBJC_IMPLICIT_RETAIN_SELF = YES;
				CLANG_WARN_OBJC_LITERAL_CONVERSION = YES;
				CLANG_WARN_OBJC_ROOT_CLASS = YES_ERROR;
				CLANG_WARN_QUOTED_INCLUDE_IN_FRAMEWORK_HEADER = YES;
				CLANG_WARN_RANGE_LOOP_ANALYSIS = YES;
				CLANG_WARN_STRICT_PROTOTYPES = YES;
				CLANG_WARN_SUSPICIOUS_MOVE = YES;
				CLANG_WARN_UNGUARDED_AVAILABILITY = YES_AGGRESSIVE;
				CLANG_WARN_UNREACHABLE_CODE = YES;
				CLANG_WARN__DUPLICATE_METHOD_MATCH = YES;
				COPY_PHASE_STRIP = NO;
				DEAD_CODE_STRIPPING = YES;
				DEBUG_INFORMATION_FORMAT = "dwarf-with-dsym";
				ENABLE_NS_ASSERTIONS = NO;
				ENABLE_STRICT_OBJC_MSGSEND = YES;
				ENABLE_USER_SCRIPT_SANDBOXING = YES;
				GCC_C_LANGUAGE_STANDARD = gnu17;
				GCC_NO_COMMON_BLOCKS = YES;
				GCC_WARN_64_TO_32_BIT_CONVERSION = YES;
				GCC_WARN_ABOUT_RETURN_TYPE = YES_ERROR;
				GCC_WARN_UNDECLARED_SELECTOR = YES;
				GCC_WARN_UNINITIALIZED_AUTOS = YES_AGGRESSIVE;
				GCC_WARN_UNUSED_FUNCTION = YES;
				GCC_WARN_UNUSED_VARIABLE = YES;
				LOCALIZATION_PREFERS_STRING_CATALOGS = YES;
				MACOSX_DEPLOYMENT_TARGET = 14.6;
				MTL_ENABLE_DEBUG_INFO = NO;
				MTL_FAST_MATH = YES;
				SDKROOT = macosx;
			};
			name = Release;
		};
		38C9082F2CB50FED002F6322 /* Debug */ = {
			isa = XCBuildConfiguration;
			buildSettings = {
				CODE_SIGN_STYLE = Automatic;
				DEAD_CODE_STRIPPING = YES;
				PRODUCT_NAME = "$(TARGET_NAME)";
			};
			name = Debug;
		};
		38C908302CB50FED002F6322 /* Release */ = {
			isa = XCBuildConfiguration;
			buildSettings = {
				CODE_SIGN_STYLE = Automatic;
				DEAD_CODE_STRIPPING = YES;
				PRODUCT_NAME = "$(TARGET_NAME)";
			};
			name = Release;
		};
/* End XCBuildConfiguration section */

/* Begin XCConfigurationList section */
		381281052CDBB92E006E8051 /* Build configuration list for PBXNativeTarget "T2" */ = {
			isa = XCConfigurationList;
			buildConfigurations = (
				381281062CDBB92E006E8051 /* Debug */,
				381281072CDBB92E006E8051 /* Release */,
			);
			defaultConfigurationIsVisible = 0;
			defaultConfigurationName = Release;
		};
		381281102CDBBC09006E8051 /* Build configuration list for PBXNativeTarget "T3" */ = {
			isa = XCConfigurationList;
			buildConfigurations = (
				381281112CDBBC09006E8051 /* Debug */,
				381281122CDBBC09006E8051 /* Release */,
			);
			defaultConfigurationIsVisible = 0;
			defaultConfigurationName = Release;
		};
		38C908222CB50FED002F6322 /* Build configuration list for PBXProject "test" */ = {
			isa = XCConfigurationList;
			buildConfigurations = (
				38C9082C2CB50FED002F6322 /* Debug */,
				38C9082D2CB50FED002F6322 /* Release */,
			);
			defaultConfigurationIsVisible = 0;
			defaultConfigurationName = Release;
		};
		38C9082E2CB50FED002F6322 /* Build configuration list for PBXNativeTarget "T1" */ = {
			isa = XCConfigurationList;
			buildConfigurations = (
				38C9082F2CB50FED002F6322 /* Debug */,
				38C908302CB50FED002F6322 /* Release */,
			);
			defaultConfigurationIsVisible = 0;
			defaultConfigurationName = Release;
		};
/* End XCConfigurationList section */
	};
	rootObject = 38C9081F2CB50FED002F6322 /* Project object */;
}
